
Microsoft Visual Studio Solution File, Format Version 12.00
# Visual Studio Version 17
VisualStudioVersion = 17.14.36221.1 d17.14
MinimumVisualStudioVersion = 10.0.40219.1
Project("{FAE04EC0-301F-11D3-BF4B-00C04F79EFBC}") = "TestProjectWPF", "TestProjectWPF\TestProjectWPF.csproj", "{BDBF47CA-83A4-466D-B0CF-D777E4CAD513}"
	ProjectSection(ProjectDependencies) = postProject
		{3E473E4D-D9BD-47EC-A2EC-6AFF29B2099B} = {3E473E4D-D9BD-47EC-A2EC-6AFF29B2099B}
	EndProjectSection
EndProject
Project("{FAE04EC0-301F-11D3-BF4B-00C04F79EFBC}") = "TestProject", "TestProject\TestProject.csproj", "{3E473E4D-D9BD-47EC-A2EC-6AFF29B2099B}"
EndProject
Global
	GlobalSection(SolutionConfigurationPlatforms) = preSolution
		Debug|Any CPU = Debug|Any CPU
		Release|Any CPU = Release|Any CPU
	EndGlobalSection
	GlobalSection(ProjectConfigurationPlatforms) = postSolution
		{BDBF47CA-83A4-466D-B0CF-D777E4CAD513}.Debug|Any CPU.ActiveCfg = Debug|Any CPU
		{BDBF47CA-83A4-466D-B0CF-D777E4CAD513}.Debug|Any CPU.Build.0 = Debug|Any CPU
		{BDBF47CA-83A4-466D-B0CF-D777E4CAD513}.Release|Any CPU.ActiveCfg = Release|Any CPU
		{BDBF47CA-83A4-466D-B0CF-D777E4CAD513}.Release|Any CPU.Build.0 = Release|Any CPU
		{3E473E4D-D9BD-47EC-A2EC-6AFF29B2099B}.Debug|Any CPU.ActiveCfg = Debug|Any CPU
		{3E473E4D-D9BD-47EC-A2EC-6AFF29B2099B}.Debug|Any CPU.Build.0 = Debug|Any CPU
		{3E473E4D-D9BD-47EC-A2EC-6AFF29B2099B}.Release|Any CPU.ActiveCfg = Release|Any CPU
		{3E473E4D-D9BD-47EC-A2EC-6AFF29B2099B}.Release|Any CPU.Build.0 = Release|Any CPU
	EndGlobalSection
	GlobalSection(SolutionProperties) = preSolution
		HideSolutionNode = FALSE
	EndGlobalSection
	GlobalSection(ExtensibilityGlobals) = postSolution
		SolutionGuid = {BC341CD4-5874-447C-85C1-858665A258BD}
	EndGlobalSection
EndGlobal
